schema: '2.0'
stages:
  prepare:
    cmd: python3 src/prepare.py
    deps:
    - path: data/raw
      md5: d86105c6b4f9377c096869400fa1263c.dir
      size: 107788163
      nfiles: 13399
    - path: src/prepare.py
      md5: ef804f358e00edcfe52c865b471f8f55
      size: 1231
    outs:
    - path: data/prepared/test.csv
      md5: 34e3594e1b48b293199403156b1eb37d
      size: 76225
    - path: data/prepared/train.csv
      md5: dad64a35eeac6c7be08ff650f6827794
      size: 189526
  train:
    cmd: python3 src/train.py
    deps:
    - path: data/prepared/train.csv
      md5: dad64a35eeac6c7be08ff650f6827794
      size: 189526
    - path: src/train.py
      md5: a055b0c193762cd4c6c609cf8a6370df
      size: 1372
    outs:
    - path: model/model.joblib
      md5: cc7af6cbd8355bc8e082c318d8554a46
      size: 1660965
  evaluate:
    cmd: python3 src/evaluate.py
    deps:
    - path: model/model.joblib
      md5: cc7af6cbd8355bc8e082c318d8554a46
      size: 1660965
    - path: src/evaluate.py
      md5: b197277667d6269271fff4ae4af8a941
      size: 645
    outs:
    - path: metrics/accuracy.json
      md5: 0cd794424501514dd090fcc82fa16064
      size: 32
